{
  "name": "nftql",
  "version": "1.0.0",
  "lockfileVersion": 3,
  "requires": true,
  "packages": {
    "": {
      "name": "nftql",
      "version": "1.0.0",
      "license": "ISC",
      "dependencies": {
        "@masala/parser": "^1.0.0"
      },
      "devDependencies": {
        "@types/node": "^18.14.6"
      }
    },
    "node_modules/@masala/parser": {
      "version": "1.0.0",
      "resolved": "https://registry.npmjs.org/@masala/parser/-/parser-1.0.0.tgz",
      "integrity": "sha512-pqTUqfbd/SEMU+BPMnuXK/VgqhnOQSZ5yXdFyDkWWptde79K6Y0K/L3HFDflTtNQjfn3OBcCljhLYxgUtlV/yg==",
      "engines": {
        "node": ">= 6.11.4"
      }
    },
    "node_modules/@types/node": {
      "version": "18.14.6",
      "resolved": "https://registry.npmjs.org/@types/node/-/node-18.14.6.tgz",
      "integrity": "sha512-93+VvleD3mXwlLI/xASjw0FzKcwzl3OdTCzm1LaRfqgS21gfFtK3zDXM5Op9TeeMsJVOaJ2VRDpT9q4Y3d0AvA==",
      "dev": true
    }
  }
}
